// !$*UTF8*$!
{
	archiveVersion = 1;
	classes = {
	};
	objectVersion = 46;
	objects = {

/* Begin PBXBuildFile section */
		89697A8019CD5D98003D3031 /* CardView.swift in Sources */ = {isa = PBXBuildFile; fileRef = 89697A7F19CD5D98003D3031 /* CardView.swift */; };
		89697A8119CD5DB4003D3031 /* CardView.swift in Sources */ = {isa = PBXBuildFile; fileRef = 89697A7F19CD5D98003D3031 /* CardView.swift */; };
		897F5EF319D10D5D00B5FD2B /* GameLayout.swift in Sources */ = {isa = PBXBuildFile; fileRef = 897F5EF219D10D5D00B5FD2B /* GameLayout.swift */; };
		897F5EF419D10D9200B5FD2B /* GameLayout.swift in Sources */ = {isa = PBXBuildFile; fileRef = 897F5EF219D10D5D00B5FD2B /* GameLayout.swift */; };
		897F5FA219D17A8600B5FD2B /* 10_of_clubs.png in Resources */ = {isa = PBXBuildFile; fileRef = 897F5F6A19D17A8600B5FD2B /* 10_of_clubs.png */; };
		897F5FA319D17A8600B5FD2B /* 10_of_clubs.png in Resources */ = {isa = PBXBuildFile; fileRef = 897F5F6A19D17A8600B5FD2B /* 10_of_clubs.png */; };
		897F5FA419D17A8600B5FD2B /* 10_of_diamonds.png in Resources */ = {isa = PBXBuildFile; fileRef = 897F5F6B19D17A8600B5FD2B /* 10_of_diamonds.png */; };
		897F5FA519D17A8600B5FD2B /* 10_of_diamonds.png in Resources */ = {isa = PBXBuildFile; fileRef = 897F5F6B19D17A8600B5FD2B /* 10_of_diamonds.png */; };
		897F5FA619D17A8600B5FD2B /* 10_of_hearts.png in Resources */ = {isa = PBXBuildFile; fileRef = 897F5F6C19D17A8600B5FD2B /* 10_of_hearts.png */; };
		897F5FA719D17A8600B5FD2B /* 10_of_hearts.png in Resources */ = {isa = PBXBuildFile; fileRef = 897F5F6C19D17A8600B5FD2B /* 10_of_hearts.png */; };
		897F5FA819D17A8600B5FD2B /* 10_of_spades.png in Resources */ = {isa = PBXBuildFile; fileRef = 897F5F6D19D17A8600B5FD2B /* 10_of_spades.png */; };
		897F5FA919D17A8600B5FD2B /* 10_of_spades.png in Resources */ = {isa = PBXBuildFile; fileRef = 897F5F6D19D17A8600B5FD2B /* 10_of_spades.png */; };
		897F5FAA19D17A8600B5FD2B /* 2_of_clubs.png in Resources */ = {isa = PBXBuildFile; fileRef = 897F5F6E19D17A8600B5FD2B /* 2_of_clubs.png */; };
		897F5FAB19D17A8600B5FD2B /* 2_of_clubs.png in Resources */ = {isa = PBXBuildFile; fileRef = 897F5F6E19D17A8600B5FD2B /* 2_of_clubs.png */; };
		897F5FAC19D17A8600B5FD2B /* 2_of_diamonds.png in Resources */ = {isa = PBXBuildFile; fileRef = 897F5F6F19D17A8600B5FD2B /* 2_of_diamonds.png */; };
		897F5FAD19D17A8600B5FD2B /* 2_of_diamonds.png in Resources */ = {isa = PBXBuildFile; fileRef = 897F5F6F19D17A8600B5FD2B /* 2_of_diamonds.png */; };
		897F5FAE19D17A8600B5FD2B /* 2_of_hearts.png in Resources */ = {isa = PBXBuildFile; fileRef = 897F5F7019D17A8600B5FD2B /* 2_of_hearts.png */; };
		897F5FAF19D17A8600B5FD2B /* 2_of_hearts.png in Resources */ = {isa = PBXBuildFile; fileRef = 897F5F7019D17A8600B5FD2B /* 2_of_hearts.png */; };
		897F5FB019D17A8600B5FD2B /* 2_of_spades.png in Resources */ = {isa = PBXBuildFile; fileRef = 897F5F7119D17A8600B5FD2B /* 2_of_spades.png */; };
		897F5FB119D17A8600B5FD2B /* 2_of_spades.png in Resources */ = {isa = PBXBuildFile; fileRef = 897F5F7119D17A8600B5FD2B /* 2_of_spades.png */; };
		897F5FB219D17A8600B5FD2B /* 3_of_clubs.png in Resources */ = {isa = PBXBuildFile; fileRef = 897F5F7219D17A8600B5FD2B /* 3_of_clubs.png */; };
		897F5FB319D17A8600B5FD2B /* 3_of_clubs.png in Resources */ = {isa = PBXBuildFile; fileRef = 897F5F7219D17A8600B5FD2B /* 3_of_clubs.png */; };
		897F5FB419D17A8600B5FD2B /* 3_of_diamonds.png in Resources */ = {isa = PBXBuildFile; fileRef = 897F5F7319D17A8600B5FD2B /* 3_of_diamonds.png */; };
		897F5FB519D17A8600B5FD2B /* 3_of_diamonds.png in Resources */ = {isa = PBXBuildFile; fileRef = 897F5F7319D17A8600B5FD2B /* 3_of_diamonds.png */; };
		897F5FB619D17A8600B5FD2B /* 3_of_hearts.png in Resources */ = {isa = PBXBuildFile; fileRef = 897F5F7419D17A8600B5FD2B /* 3_of_hearts.png */; };
		897F5FB719D17A8600B5FD2B /* 3_of_hearts.png in Resources */ = {isa = PBXBuildFile; fileRef = 897F5F7419D17A8600B5FD2B /* 3_of_hearts.png */; };
		897F5FB819D17A8600B5FD2B /* 3_of_spades.png in Resources */ = {isa = PBXBuildFile; fileRef = 897F5F7519D17A8600B5FD2B /* 3_of_spades.png */; };
		897F5FB919D17A8600B5FD2B /* 3_of_spades.png in Resources */ = {isa = PBXBuildFile; fileRef = 897F5F7519D17A8600B5FD2B /* 3_of_spades.png */; };
		897F5FBA19D17A8600B5FD2B /* 4_of_clubs.png in Resources */ = {isa = PBXBuildFile; fileRef = 897F5F7619D17A8600B5FD2B /* 4_of_clubs.png */; };
		897F5FBB19D17A8600B5FD2B /* 4_of_clubs.png in Resources */ = {isa = PBXBuildFile; fileRef = 897F5F7619D17A8600B5FD2B /* 4_of_clubs.png */; };
		897F5FBC19D17A8600B5FD2B /* 4_of_diamonds.png in Resources */ = {isa = PBXBuildFile; fileRef = 897F5F7719D17A8600B5FD2B /* 4_of_diamonds.png */; };
		897F5FBD19D17A8600B5FD2B /* 4_of_diamonds.png in Resources */ = {isa = PBXBuildFile; fileRef = 897F5F7719D17A8600B5FD2B /* 4_of_diamonds.png */; };
		897F5FBE19D17A8600B5FD2B /* 4_of_hearts.png in Resources */ = {isa = PBXBuildFile; fileRef = 897F5F7819D17A8600B5FD2B /* 4_of_hearts.png */; };
		897F5FBF19D17A8600B5FD2B /* 4_of_hearts.png in Resources */ = {isa = PBXBuildFile; fileRef = 897F5F7819D17A8600B5FD2B /* 4_of_hearts.png */; };
		897F5FC019D17A8600B5FD2B /* 4_of_spades.png in Resources */ = {isa = PBXBuildFile; fileRef = 897F5F7919D17A8600B5FD2B /* 4_of_spades.png */; };
		897F5FC119D17A8600B5FD2B /* 4_of_spades.png in Resources */ = {isa = PBXBuildFile; fileRef = 897F5F7919D17A8600B5FD2B /* 4_of_spades.png */; };
		897F5FC219D17A8600B5FD2B /* 5_of_clubs.png in Resources */ = {isa = PBXBuildFile; fileRef = 897F5F7A19D17A8600B5FD2B /* 5_of_clubs.png */; };
		897F5FC319D17A8600B5FD2B /* 5_of_clubs.png in Resources */ = {isa = PBXBuildFile; fileRef = 897F5F7A19D17A8600B5FD2B /* 5_of_clubs.png */; };
		897F5FC419D17A8600B5FD2B /* 5_of_diamonds.png in Resources */ = {isa = PBXBuildFile; fileRef = 897F5F7B19D17A8600B5FD2B /* 5_of_diamonds.png */; };
		897F5FC519D17A8600B5FD2B /* 5_of_diamonds.png in Resources */ = {isa = PBXBuildFile; fileRef = 897F5F7B19D17A8600B5FD2B /* 5_of_diamonds.png */; };
		897F5FC619D17A8600B5FD2B /* 5_of_hearts.png in Resources */ = {isa = PBXBuildFile; fileRef = 897F5F7C19D17A8600B5FD2B /* 5_of_hearts.png */; };
		897F5FC719D17A8600B5FD2B /* 5_of_hearts.png in Resources */ = {isa = PBXBuildFile; fileRef = 897F5F7C19D17A8600B5FD2B /* 5_of_hearts.png */; };
		897F5FC819D17A8600B5FD2B /* 5_of_spades.png in Resources */ = {isa = PBXBuildFile; fileRef = 897F5F7D19D17A8600B5FD2B /* 5_of_spades.png */; };
		897F5FC919D17A8600B5FD2B /* 5_of_spades.png in Resources */ = {isa = PBXBuildFile; fileRef = 897F5F7D19D17A8600B5FD2B /* 5_of_spades.png */; };
		897F5FCA19D17A8600B5FD2B /* 6_of_clubs.png in Resources */ = {isa = PBXBuildFile; fileRef = 897F5F7E19D17A8600B5FD2B /* 6_of_clubs.png */; };
		897F5FCB19D17A8600B5FD2B /* 6_of_clubs.png in Resources */ = {isa = PBXBuildFile; fileRef = 897F5F7E19D17A8600B5FD2B /* 6_of_clubs.png */; };
		897F5FCC19D17A8600B5FD2B /* 6_of_diamonds.png in Resources */ = {isa = PBXBuildFile; fileRef = 897F5F7F19D17A8600B5FD2B /* 6_of_diamonds.png */; };
		897F5FCD19D17A8600B5FD2B /* 6_of_diamonds.png in Resources */ = {isa = PBXBuildFile; fileRef = 897F5F7F19D17A8600B5FD2B /* 6_of_diamonds.png */; };
		897F5FCE19D17A8600B5FD2B /* 6_of_hearts.png in Resources */ = {isa = PBXBuildFile; fileRef = 897F5F8019D17A8600B5FD2B /* 6_of_hearts.png */; };
		897F5FCF19D17A8600B5FD2B /* 6_of_hearts.png in Resources */ = {isa = PBXBuildFile; fileRef = 897F5F8019D17A8600B5FD2B /* 6_of_hearts.png */; };
		897F5FD019D17A8600B5FD2B /* 6_of_spades.png in Resources */ = {isa = PBXBuildFile; fileRef = 897F5F8119D17A8600B5FD2B /* 6_of_spades.png */; };
		897F5FD119D17A8600B5FD2B /* 6_of_spades.png in Resources */ = {isa = PBXBuildFile; fileRef = 897F5F8119D17A8600B5FD2B /* 6_of_spades.png */; };
		897F5FD219D17A8600B5FD2B /* 7_of_clubs.png in Resources */ = {isa = PBXBuildFile; fileRef = 897F5F8219D17A8600B5FD2B /* 7_of_clubs.png */; };
		897F5FD319D17A8600B5FD2B /* 7_of_clubs.png in Resources */ = {isa = PBXBuildFile; fileRef = 897F5F8219D17A8600B5FD2B /* 7_of_clubs.png */; };
		897F5FD419D17A8600B5FD2B /* 7_of_diamonds.png in Resources */ = {isa = PBXBuildFile; fileRef = 897F5F8319D17A8600B5FD2B /* 7_of_diamonds.png */; };
		897F5FD519D17A8600B5FD2B /* 7_of_diamonds.png in Resources */ = {isa = PBXBuildFile; fileRef = 897F5F8319D17A8600B5FD2B /* 7_of_diamonds.png */; };
		897F5FD619D17A8600B5FD2B /* 7_of_hearts.png in Resources */ = {isa = PBXBuildFile; fileRef = 897F5F8419D17A8600B5FD2B /* 7_of_hearts.png */; };
		897F5FD719D17A8600B5FD2B /* 7_of_hearts.png in Resources */ = {isa = PBXBuildFile; fileRef = 897F5F8419D17A8600B5FD2B /* 7_of_hearts.png */; };
		897F5FD819D17A8600B5FD2B /* 7_of_spades.png in Resources */ = {isa = PBXBuildFile; fileRef = 897F5F8519D17A8600B5FD2B /* 7_of_spades.png */; };
		897F5FD919D17A8600B5FD2B /* 7_of_spades.png in Resources */ = {isa = PBXBuildFile; fileRef = 897F5F8519D17A8600B5FD2B /* 7_of_spades.png */; };
		897F5FDA19D17A8600B5FD2B /* 8_of_clubs.png in Resources */ = {isa = PBXBuildFile; fileRef = 897F5F8619D17A8600B5FD2B /* 8_of_clubs.png */; };
		897F5FDB19D17A8600B5FD2B /* 8_of_clubs.png in Resources */ = {isa = PBXBuildFile; fileRef = 897F5F8619D17A8600B5FD2B /* 8_of_clubs.png */; };
		897F5FDC19D17A8600B5FD2B /* 8_of_diamonds.png in Resources */ = {isa = PBXBuildFile; fileRef = 897F5F8719D17A8600B5FD2B /* 8_of_diamonds.png */; };
		897F5FDD19D17A8600B5FD2B /* 8_of_diamonds.png in Resources */ = {isa = PBXBuildFile; fileRef = 897F5F8719D17A8600B5FD2B /* 8_of_diamonds.png */; };
		897F5FDE19D17A8600B5FD2B /* 8_of_hearts.png in Resources */ = {isa = PBXBuildFile; fileRef = 897F5F8819D17A8600B5FD2B /* 8_of_hearts.png */; };
		897F5FDF19D17A8600B5FD2B /* 8_of_hearts.png in Resources */ = {isa = PBXBuildFile; fileRef = 897F5F8819D17A8600B5FD2B /* 8_of_hearts.png */; };
		897F5FE019D17A8600B5FD2B /* 8_of_spades.png in Resources */ = {isa = PBXBuildFile; fileRef = 897F5F8919D17A8600B5FD2B /* 8_of_spades.png */; };
		897F5FE119D17A8600B5FD2B /* 8_of_spades.png in Resources */ = {isa = PBXBuildFile; fileRef = 897F5F8919D17A8600B5FD2B /* 8_of_spades.png */; };
		897F5FE219D17A8600B5FD2B /* 9_of_clubs.png in Resources */ = {isa = PBXBuildFile; fileRef = 897F5F8A19D17A8600B5FD2B /* 9_of_clubs.png */; };
		897F5FE319D17A8600B5FD2B /* 9_of_clubs.png in Resources */ = {isa = PBXBuildFile; fileRef = 897F5F8A19D17A8600B5FD2B /* 9_of_clubs.png */; };
		897F5FE419D17A8600B5FD2B /* 9_of_diamonds.png in Resources */ = {isa = PBXBuildFile; fileRef = 897F5F8B19D17A8600B5FD2B /* 9_of_diamonds.png */; };
		897F5FE519D17A8600B5FD2B /* 9_of_diamonds.png in Resources */ = {isa = PBXBuildFile; fileRef = 897F5F8B19D17A8600B5FD2B /* 9_of_diamonds.png */; };
		897F5FE619D17A8600B5FD2B /* 9_of_hearts.png in Resources */ = {isa = PBXBuildFile; fileRef = 897F5F8C19D17A8600B5FD2B /* 9_of_hearts.png */; };
		897F5FE719D17A8600B5FD2B /* 9_of_hearts.png in Resources */ = {isa = PBXBuildFile; fileRef = 897F5F8C19D17A8600B5FD2B /* 9_of_hearts.png */; };
		897F5FE819D17A8600B5FD2B /* 9_of_spades.png in Resources */ = {isa = PBXBuildFile; fileRef = 897F5F8D19D17A8600B5FD2B /* 9_of_spades.png */; };
		897F5FE919D17A8600B5FD2B /* 9_of_spades.png in Resources */ = {isa = PBXBuildFile; fileRef = 897F5F8D19D17A8600B5FD2B /* 9_of_spades.png */; };
		897F5FEA19D17A8600B5FD2B /* ace_of_clubs.png in Resources */ = {isa = PBXBuildFile; fileRef = 897F5F8E19D17A8600B5FD2B /* ace_of_clubs.png */; };
		897F5FEB19D17A8600B5FD2B /* ace_of_clubs.png in Resources */ = {isa = PBXBuildFile; fileRef = 897F5F8E19D17A8600B5FD2B /* ace_of_clubs.png */; };
		897F5FEC19D17A8600B5FD2B /* ace_of_diamonds.png in Resources */ = {isa = PBXBuildFile; fileRef = 897F5F8F19D17A8600B5FD2B /* ace_of_diamonds.png */; };
		897F5FED19D17A8600B5FD2B /* ace_of_diamonds.png in Resources */ = {isa = PBXBuildFile; fileRef = 897F5F8F19D17A8600B5FD2B /* ace_of_diamonds.png */; };
		897F5FEE19D17A8600B5FD2B /* ace_of_hearts.png in Resources */ = {isa = PBXBuildFile; fileRef = 897F5F9019D17A8600B5FD2B /* ace_of_hearts.png */; };
		897F5FEF19D17A8600B5FD2B /* ace_of_hearts.png in Resources */ = {isa = PBXBuildFile; fileRef = 897F5F9019D17A8600B5FD2B /* ace_of_hearts.png */; };
		897F5FF019D17A8600B5FD2B /* ace_of_spades.png in Resources */ = {isa = PBXBuildFile; fileRef = 897F5F9119D17A8600B5FD2B /* ace_of_spades.png */; };
		897F5FF119D17A8600B5FD2B /* ace_of_spades.png in Resources */ = {isa = PBXBuildFile; fileRef = 897F5F9119D17A8600B5FD2B /* ace_of_spades.png */; };
		897F5FF219D17A8600B5FD2B /* back.png in Resources */ = {isa = PBXBuildFile; fileRef = 897F5F9219D17A8600B5FD2B /* back.png */; };
		897F5FF319D17A8600B5FD2B /* back.png in Resources */ = {isa = PBXBuildFile; fileRef = 897F5F9219D17A8600B5FD2B /* back.png */; };
		897F5FF419D17A8600B5FD2B /* back@2x.png in Resources */ = {isa = PBXBuildFile; fileRef = 897F5F9319D17A8600B5FD2B /* back@2x.png */; };
		897F5FF519D17A8600B5FD2B /* back@2x.png in Resources */ = {isa = PBXBuildFile; fileRef = 897F5F9319D17A8600B5FD2B /* back@2x.png */; };
		897F5FF619D17A8600B5FD2B /* black_joker.png in Resources */ = {isa = PBXBuildFile; fileRef = 897F5F9419D17A8600B5FD2B /* black_joker.png */; };
		897F5FF719D17A8600B5FD2B /* black_joker.png in Resources */ = {isa = PBXBuildFile; fileRef = 897F5F9419D17A8600B5FD2B /* black_joker.png */; };
		897F5FF819D17A8600B5FD2B /* jack_of_clubs.png in Resources */ = {isa = PBXBuildFile; fileRef = 897F5F9519D17A8600B5FD2B /* jack_of_clubs.png */; };
		897F5FF919D17A8600B5FD2B /* jack_of_clubs.png in Resources */ = {isa = PBXBuildFile; fileRef = 897F5F9519D17A8600B5FD2B /* jack_of_clubs.png */; };
		897F5FFA19D17A8600B5FD2B /* jack_of_diamonds.png in Resources */ = {isa = PBXBuildFile; fileRef = 897F5F9619D17A8600B5FD2B /* jack_of_diamonds.png */; };
		897F5FFB19D17A8600B5FD2B /* jack_of_diamonds.png in Resources */ = {isa = PBXBuildFile; fileRef = 897F5F9619D17A8600B5FD2B /* jack_of_diamonds.png */; };
		897F5FFC19D17A8600B5FD2B /* jack_of_hearts.png in Resources */ = {isa = PBXBuildFile; fileRef = 897F5F9719D17A8600B5FD2B /* jack_of_hearts.png */; };
		897F5FFD19D17A8600B5FD2B /* jack_of_hearts.png in Resources */ = {isa = PBXBuildFile; fileRef = 897F5F9719D17A8600B5FD2B /* jack_of_hearts.png */; };
		897F5FFE19D17A8600B5FD2B /* jack_of_spades.png in Resources */ = {isa = PBXBuildFile; fileRef = 897F5F9819D17A8600B5FD2B /* jack_of_spades.png */; };
		897F5FFF19D17A8600B5FD2B /* jack_of_spades.png in Resources */ = {isa = PBXBuildFile; fileRef = 897F5F9819D17A8600B5FD2B /* jack_of_spades.png */; };
		897F600019D17A8600B5FD2B /* king_of_clubs.png in Resources */ = {isa = PBXBuildFile; fileRef = 897F5F9919D17A8600B5FD2B /* king_of_clubs.png */; };
		897F600119D17A8600B5FD2B /* king_of_clubs.png in Resources */ = {isa = PBXBuildFile; fileRef = 897F5F9919D17A8600B5FD2B /* king_of_clubs.png */; };
		897F600219D17A8600B5FD2B /* king_of_diamonds.png in Resources */ = {isa = PBXBuildFile; fileRef = 897F5F9A19D17A8600B5FD2B /* king_of_diamonds.png */; };
		897F600319D17A8600B5FD2B /* king_of_diamonds.png in Resources */ = {isa = PBXBuildFile; fileRef = 897F5F9A19D17A8600B5FD2B /* king_of_diamonds.png */; };
		897F600419D17A8600B5FD2B /* king_of_hearts.png in Resources */ = {isa = PBXBuildFile; fileRef = 897F5F9B19D17A8600B5FD2B /* king_of_hearts.png */; };
		897F600519D17A8600B5FD2B /* king_of_hearts.png in Resources */ = {isa = PBXBuildFile; fileRef = 897F5F9B19D17A8600B5FD2B /* king_of_hearts.png */; };
		897F600619D17A8600B5FD2B /* king_of_spades.png in Resources */ = {isa = PBXBuildFile; fileRef = 897F5F9C19D17A8600B5FD2B /* king_of_spades.png */; };
		897F600719D17A8600B5FD2B /* king_of_spades.png in Resources */ = {isa = PBXBuildFile; fileRef = 897F5F9C19D17A8600B5FD2B /* king_of_spades.png */; };
		897F600819D17A8600B5FD2B /* queen_of_clubs.png in Resources */ = {isa = PBXBuildFile; fileRef = 897F5F9D19D17A8600B5FD2B /* queen_of_clubs.png */; };
		897F600919D17A8600B5FD2B /* queen_of_clubs.png in Resources */ = {isa = PBXBuildFile; fileRef = 897F5F9D19D17A8600B5FD2B /* queen_of_clubs.png */; };
		897F600A19D17A8600B5FD2B /* queen_of_diamonds.png in Resources */ = {isa = PBXBuildFile; fileRef = 897F5F9E19D17A8600B5FD2B /* queen_of_diamonds.png */; };
		897F600B19D17A8600B5FD2B /* queen_of_diamonds.png in Resources */ = {isa = PBXBuildFile; fileRef = 897F5F9E19D17A8600B5FD2B /* queen_of_diamonds.png */; };
		897F600C19D17A8600B5FD2B /* queen_of_hearts.png in Resources */ = {isa = PBXBuildFile; fileRef = 897F5F9F19D17A8600B5FD2B /* queen_of_hearts.png */; };
		897F600D19D17A8600B5FD2B /* queen_of_hearts.png in Resources */ = {isa = PBXBuildFile; fileRef = 897F5F9F19D17A8600B5FD2B /* queen_of_hearts.png */; };
		897F600E19D17A8600B5FD2B /* queen_of_spades.png in Resources */ = {isa = PBXBuildFile; fileRef = 897F5FA019D17A8600B5FD2B /* queen_of_spades.png */; };
		897F600F19D17A8600B5FD2B /* queen_of_spades.png in Resources */ = {isa = PBXBuildFile; fileRef = 897F5FA019D17A8600B5FD2B /* queen_of_spades.png */; };
		897F601019D17A8600B5FD2B /* red_joker.png in Resources */ = {isa = PBXBuildFile; fileRef = 897F5FA119D17A8600B5FD2B /* red_joker.png */; };
		897F601119D17A8600B5FD2B /* red_joker.png in Resources */ = {isa = PBXBuildFile; fileRef = 897F5FA119D17A8600B5FD2B /* red_joker.png */; };
		897F601319D17B0400B5FD2B /* Card.swift in Sources */ = {isa = PBXBuildFile; fileRef = 897F601219D17B0400B5FD2B /* Card.swift */; };
		897F601419D17B0400B5FD2B /* Card.swift in Sources */ = {isa = PBXBuildFile; fileRef = 897F601219D17B0400B5FD2B /* Card.swift */; };
		89A0798619CD120F0058A3F0 /* AppDelegate.swift in Sources */ = {isa = PBXBuildFile; fileRef = 89A0798519CD120F0058A3F0 /* AppDelegate.swift */; };
		89A0798819CD120F0058A3F0 /* ViewController.swift in Sources */ = {isa = PBXBuildFile; fileRef = 89A0798719CD120F0058A3F0 /* ViewController.swift */; };
		89A0798B19CD120F0058A3F0 /* Main.storyboard in Resources */ = {isa = PBXBuildFile; fileRef = 89A0798919CD120F0058A3F0 /* Main.storyboard */; };
		89A0798D19CD120F0058A3F0 /* Images.xcassets in Resources */ = {isa = PBXBuildFile; fileRef = 89A0798C19CD120F0058A3F0 /* Images.xcassets */; };
		89A079AA19CD13E10058A3F0 /* SpecTests.swift in Sources */ = {isa = PBXBuildFile; fileRef = 89A079A919CD13E10058A3F0 /* SpecTests.swift */; };
		89A079AB19CD193B0058A3F0 /* ViewController.swift in Sources */ = {isa = PBXBuildFile; fileRef = 89A0798719CD120F0058A3F0 /* ViewController.swift */; };
		89A079AC19CD19880058A3F0 /* Main.storyboard in Resources */ = {isa = PBXBuildFile; fileRef = 89A0798919CD120F0058A3F0 /* Main.storyboard */; };
/* End PBXBuildFile section */

/* Begin PBXContainerItemProxy section */
		89A0799619CD120F0058A3F0 /* PBXContainerItemProxy */ = {
			isa = PBXContainerItemProxy;
			containerPortal = 89A0797819CD120F0058A3F0 /* Project object */;
			proxyType = 1;
			remoteGlobalIDString = 89A0797F19CD120F0058A3F0;
			remoteInfo = MatchPairs;
		};
/* End PBXContainerItemProxy section */

/* Begin PBXFileReference section */
		89697A7F19CD5D98003D3031 /* CardView.swift */ = {isa = PBXFileReference; fileEncoding = 4; lastKnownFileType = sourcecode.swift; path = CardView.swift; sourceTree = "<group>"; };
		897F5EF219D10D5D00B5FD2B /* GameLayout.swift */ = {isa = PBXFileReference; fileEncoding = 4; lastKnownFileType = sourcecode.swift; path = GameLayout.swift; sourceTree = "<group>"; };
		897F5F6A19D17A8600B5FD2B /* 10_of_clubs.png */ = {isa = PBXFileReference; lastKnownFileType = image.png; path = 10_of_clubs.png; sourceTree = "<group>"; };
		897F5F6B19D17A8600B5FD2B /* 10_of_diamonds.png */ = {isa = PBXFileReference; lastKnownFileType = image.png; path = 10_of_diamonds.png; sourceTree = "<group>"; };
		897F5F6C19D17A8600B5FD2B /* 10_of_hearts.png */ = {isa = PBXFileReference; lastKnownFileType = image.png; path = 10_of_hearts.png; sourceTree = "<group>"; };
		897F5F6D19D17A8600B5FD2B /* 10_of_spades.png */ = {isa = PBXFileReference; lastKnownFileType = image.png; path = 10_of_spades.png; sourceTree = "<group>"; };
		897F5F6E19D17A8600B5FD2B /* 2_of_clubs.png */ = {isa = PBXFileReference; lastKnownFileType = image.png; path = 2_of_clubs.png; sourceTree = "<group>"; };
		897F5F6F19D17A8600B5FD2B /* 2_of_diamonds.png */ = {isa = PBXFileReference; lastKnownFileType = image.png; path = 2_of_diamonds.png; sourceTree = "<group>"; };
		897F5F7019D17A8600B5FD2B /* 2_of_hearts.png */ = {isa = PBXFileReference; lastKnownFileType = image.png; path = 2_of_hearts.png; sourceTree = "<group>"; };
		897F5F7119D17A8600B5FD2B /* 2_of_spades.png */ = {isa = PBXFileReference; lastKnownFileType = image.png; path = 2_of_spades.png; sourceTree = "<group>"; };
		897F5F7219D17A8600B5FD2B /* 3_of_clubs.png */ = {isa = PBXFileReference; lastKnownFileType = image.png; path = 3_of_clubs.png; sourceTree = "<group>"; };
		897F5F7319D17A8600B5FD2B /* 3_of_diamonds.png */ = {isa = PBXFileReference; lastKnownFileType = image.png; path = 3_of_diamonds.png; sourceTree = "<group>"; };
		897F5F7419D17A8600B5FD2B /* 3_of_hearts.png */ = {isa = PBXFileReference; lastKnownFileType = image.png; path = 3_of_hearts.png; sourceTree = "<group>"; };
		897F5F7519D17A8600B5FD2B /* 3_of_spades.png */ = {isa = PBXFileReference; lastKnownFileType = image.png; path = 3_of_spades.png; sourceTree = "<group>"; };
		897F5F7619D17A8600B5FD2B /* 4_of_clubs.png */ = {isa = PBXFileReference; lastKnownFileType = image.png; path = 4_of_clubs.png; sourceTree = "<group>"; };
		897F5F7719D17A8600B5FD2B /* 4_of_diamonds.png */ = {isa = PBXFileReference; lastKnownFileType = image.png; path = 4_of_diamonds.png; sourceTree = "<group>"; };
		897F5F7819D17A8600B5FD2B /* 4_of_hearts.png */ = {isa = PBXFileReference; lastKnownFileType = image.png; path = 4_of_hearts.png; sourceTree = "<group>"; };
		897F5F7919D17A8600B5FD2B /* 4_of_spades.png */ = {isa = PBXFileReference; lastKnownFileType = image.png; path = 4_of_spades.png; sourceTree = "<group>"; };
		897F5F7A19D17A8600B5FD2B /* 5_of_clubs.png */ = {isa = PBXFileReference; lastKnownFileType = image.png; path = 5_of_clubs.png; sourceTree = "<group>"; };
		897F5F7B19D17A8600B5FD2B /* 5_of_diamonds.png */ = {isa = PBXFileReference; lastKnownFileType = image.png; path = 5_of_diamonds.png; sourceTree = "<group>"; };
		897F5F7C19D17A8600B5FD2B /* 5_of_hearts.png */ = {isa = PBXFileReference; lastKnownFileType = image.png; path = 5_of_hearts.png; sourceTree = "<group>"; };
		897F5F7D19D17A8600B5FD2B /* 5_of_spades.png */ = {isa = PBXFileReference; lastKnownFileType = image.png; path = 5_of_spades.png; sourceTree = "<group>"; };
		897F5F7E19D17A8600B5FD2B /* 6_of_clubs.png */ = {isa = PBXFileReference; lastKnownFileType = image.png; path = 6_of_clubs.png; sourceTree = "<group>"; };
		897F5F7F19D17A8600B5FD2B /* 6_of_diamonds.png */ = {isa = PBXFileReference; lastKnownFileType = image.png; path = 6_of_diamonds.png; sourceTree = "<group>"; };
		897F5F8019D17A8600B5FD2B /* 6_of_hearts.png */ = {isa = PBXFileReference; lastKnownFileType = image.png; path = 6_of_hearts.png; sourceTree = "<group>"; };
		897F5F8119D17A8600B5FD2B /* 6_of_spades.png */ = {isa = PBXFileReference; lastKnownFileType = image.png; path = 6_of_spades.png; sourceTree = "<group>"; };
		897F5F8219D17A8600B5FD2B /* 7_of_clubs.png */ = {isa = PBXFileReference; lastKnownFileType = image.png; path = 7_of_clubs.png; sourceTree = "<group>"; };
		897F5F8319D17A8600B5FD2B /* 7_of_diamonds.png */ = {isa = PBXFileReference; lastKnownFileType = image.png; path = 7_of_diamonds.png; sourceTree = "<group>"; };
		897F5F8419D17A8600B5FD2B /* 7_of_hearts.png */ = {isa = PBXFileReference; lastKnownFileType = image.png; path = 7_of_hearts.png; sourceTree = "<group>"; };
		897F5F8519D17A8600B5FD2B /* 7_of_spades.png */ = {isa = PBXFileReference; lastKnownFileType = image.png; path = 7_of_spades.png; sourceTree = "<group>"; };
		897F5F8619D17A8600B5FD2B /* 8_of_clubs.png */ = {isa = PBXFileReference; lastKnownFileType = image.png; path = 8_of_clubs.png; sourceTree = "<group>"; };
		897F5F8719D17A8600B5FD2B /* 8_of_diamonds.png */ = {isa = PBXFileReference; lastKnownFileType = image.png; path = 8_of_diamonds.png; sourceTree = "<group>"; };
		897F5F8819D17A8600B5FD2B /* 8_of_hearts.png */ = {isa = PBXFileReference; lastKnownFileType = image.png; path = 8_of_hearts.png; sourceTree = "<group>"; };
		897F5F8919D17A8600B5FD2B /* 8_of_spades.png */ = {isa = PBXFileReference; lastKnownFileType = image.png; path = 8_of_spades.png; sourceTree = "<group>"; };
		897F5F8A19D17A8600B5FD2B /* 9_of_clubs.png */ = {isa = PBXFileReference; lastKnownFileType = image.png; path = 9_of_clubs.png; sourceTree = "<group>"; };
		897F5F8B19D17A8600B5FD2B /* 9_of_diamonds.png */ = {isa = PBXFileReference; lastKnownFileType = image.png; path = 9_of_diamonds.png; sourceTree = "<group>"; };
		897F5F8C19D17A8600B5FD2B /* 9_of_hearts.png */ = {isa = PBXFileReference; lastKnownFileType = image.png; path = 9_of_hearts.png; sourceTree = "<group>"; };
		897F5F8D19D17A8600B5FD2B /* 9_of_spades.png */ = {isa = PBXFileReference; lastKnownFileType = image.png; path = 9_of_spades.png; sourceTree = "<group>"; };
		897F5F8E19D17A8600B5FD2B /* ace_of_clubs.png */ = {isa = PBXFileReference; lastKnownFileType = image.png; path = ace_of_clubs.png; sourceTree = "<group>"; };
		897F5F8F19D17A8600B5FD2B /* ace_of_diamonds.png */ = {isa = PBXFileReference; lastKnownFileType = image.png; path = ace_of_diamonds.png; sourceTree = "<group>"; };
		897F5F9019D17A8600B5FD2B /* ace_of_hearts.png */ = {isa = PBXFileReference; lastKnownFileType = image.png; path = ace_of_hearts.png; sourceTree = "<group>"; };
		897F5F9119D17A8600B5FD2B /* ace_of_spades.png */ = {isa = PBXFileReference; lastKnownFileType = image.png; path = ace_of_spades.png; sourceTree = "<group>"; };
		897F5F9219D17A8600B5FD2B /* back.png */ = {isa = PBXFileReference; lastKnownFileType = image.png; path = back.png; sourceTree = "<group>"; };
		897F5F9319D17A8600B5FD2B /* back@2x.png */ = {isa = PBXFileReference; lastKnownFileType = image.png; path = "back@2x.png"; sourceTree = "<group>"; };
		897F5F9419D17A8600B5FD2B /* black_joker.png */ = {isa = PBXFileReference; lastKnownFileType = image.png; path = black_joker.png; sourceTree = "<group>"; };
		897F5F9519D17A8600B5FD2B /* jack_of_clubs.png */ = {isa = PBXFileReference; lastKnownFileType = image.png; path = jack_of_clubs.png; sourceTree = "<group>"; };
		897F5F9619D17A8600B5FD2B /* jack_of_diamonds.png */ = {isa = PBXFileReference; lastKnownFileType = image.png; path = jack_of_diamonds.png; sourceTree = "<group>"; };
		897F5F9719D17A8600B5FD2B /* jack_of_hearts.png */ = {isa = PBXFileReference; lastKnownFileType = image.png; path = jack_of_hearts.png; sourceTree = "<group>"; };
		897F5F9819D17A8600B5FD2B /* jack_of_spades.png */ = {isa = PBXFileReference; lastKnownFileType = image.png; path = jack_of_spades.png; sourceTree = "<group>"; };
		897F5F9919D17A8600B5FD2B /* king_of_clubs.png */ = {isa = PBXFileReference; lastKnownFileType = image.png; path = king_of_clubs.png; sourceTree = "<group>"; };
		897F5F9A19D17A8600B5FD2B /* king_of_diamonds.png */ = {isa = PBXFileReference; lastKnownFileType = image.png; path = king_of_diamonds.png; sourceTree = "<group>"; };
		897F5F9B19D17A8600B5FD2B /* king_of_hearts.png */ = {isa = PBXFileReference; lastKnownFileType = image.png; path = king_of_hearts.png; sourceTree = "<group>"; };
		897F5F9C19D17A8600B5FD2B /* king_of_spades.png */ = {isa = PBXFileReference; lastKnownFileType = image.png; path = king_of_spades.png; sourceTree = "<group>"; };
		897F5F9D19D17A8600B5FD2B /* queen_of_clubs.png */ = {isa = PBXFileReference; lastKnownFileType = image.png; path = queen_of_clubs.png; sourceTree = "<group>"; };
		897F5F9E19D17A8600B5FD2B /* queen_of_diamonds.png */ = {isa = PBXFileReference; lastKnownFileType = image.png; path = queen_of_diamonds.png; sourceTree = "<group>"; };
		897F5F9F19D17A8600B5FD2B /* queen_of_hearts.png */ = {isa = PBXFileReference; lastKnownFileType = image.png; path = queen_of_hearts.png; sourceTree = "<group>"; };
		897F5FA019D17A8600B5FD2B /* queen_of_spades.png */ = {isa = PBXFileReference; lastKnownFileType = image.png; path = queen_of_spades.png; sourceTree = "<group>"; };
		897F5FA119D17A8600B5FD2B /* red_joker.png */ = {isa = PBXFileReference; lastKnownFileType = image.png; path = red_joker.png; sourceTree = "<group>"; };
		897F601219D17B0400B5FD2B /* Card.swift */ = {isa = PBXFileReference; fileEncoding = 4; lastKnownFileType = sourcecode.swift; path = Card.swift; sourceTree = "<group>"; };
		89A0798019CD120F0058A3F0 /* MatchPairs.app */ = {isa = PBXFileReference; explicitFileType = wrapper.application; includeInIndex = 0; path = MatchPairs.app; sourceTree = BUILT_PRODUCTS_DIR; };
		89A0798419CD120F0058A3F0 /* Info.plist */ = {isa = PBXFileReference; lastKnownFileType = text.plist.xml; path = Info.plist; sourceTree = "<group>"; };
		89A0798519CD120F0058A3F0 /* AppDelegate.swift */ = {isa = PBXFileReference; lastKnownFileType = sourcecode.swift; path = AppDelegate.swift; sourceTree = "<group>"; };
		89A0798719CD120F0058A3F0 /* ViewController.swift */ = {isa = PBXFileReference; lastKnownFileType = sourcecode.swift; path = ViewController.swift; sourceTree = "<group>"; };
		89A0798A19CD120F0058A3F0 /* Base */ = {isa = PBXFileReference; lastKnownFileType = file.storyboard; name = Base; path = Base.lproj/Main.storyboard; sourceTree = "<group>"; };
		89A0798C19CD120F0058A3F0 /* Images.xcassets */ = {isa = PBXFileReference; lastKnownFileType = folder.assetcatalog; path = Images.xcassets; sourceTree = "<group>"; };
		89A0799519CD120F0058A3F0 /* MatchPairsTests.xctest */ = {isa = PBXFileReference; explicitFileType = wrapper.cfbundle; includeInIndex = 0; path = MatchPairsTests.xctest; sourceTree = BUILT_PRODUCTS_DIR; };
		89A0799A19CD120F0058A3F0 /* Info.plist */ = {isa = PBXFileReference; lastKnownFileType = text.plist.xml; path = Info.plist; sourceTree = "<group>"; };
		89A079A919CD13E10058A3F0 /* SpecTests.swift */ = {isa = PBXFileReference; fileEncoding = 4; lastKnownFileType = sourcecode.swift; path = SpecTests.swift; sourceTree = "<group>"; };
/* End PBXFileReference section */

/* Begin PBXFrameworksBuildPhase section */
		89A0797D19CD120F0058A3F0 /* Frameworks */ = {
			isa = PBXFrameworksBuildPhase;
			buildActionMask = 2147483647;
			files = (
			);
			runOnlyForDeploymentPostprocessing = 0;
		};
		89A0799219CD120F0058A3F0 /* Frameworks */ = {
			isa = PBXFrameworksBuildPhase;
			buildActionMask = 2147483647;
			files = (
			);
			runOnlyForDeploymentPostprocessing = 0;
		};
/* End PBXFrameworksBuildPhase section */

/* Begin PBXGroup section */
		897F5F6919D17A8600B5FD2B /* cards */ = {
			isa = PBXGroup;
			children = (
				897F5F6A19D17A8600B5FD2B /* 10_of_clubs.png */,
				897F5F6B19D17A8600B5FD2B /* 10_of_diamonds.png */,
				897F5F6C19D17A8600B5FD2B /* 10_of_hearts.png */,
				897F5F6D19D17A8600B5FD2B /* 10_of_spades.png */,
				897F5F6E19D17A8600B5FD2B /* 2_of_clubs.png */,
				897F5F6F19D17A8600B5FD2B /* 2_of_diamonds.png */,
				897F5F7019D17A8600B5FD2B /* 2_of_hearts.png */,
				897F5F7119D17A8600B5FD2B /* 2_of_spades.png */,
				897F5F7219D17A8600B5FD2B /* 3_of_clubs.png */,
				897F5F7319D17A8600B5FD2B /* 3_of_diamonds.png */,
				897F5F7419D17A8600B5FD2B /* 3_of_hearts.png */,
				897F5F7519D17A8600B5FD2B /* 3_of_spades.png */,
				897F5F7619D17A8600B5FD2B /* 4_of_clubs.png */,
				897F5F7719D17A8600B5FD2B /* 4_of_diamonds.png */,
				897F5F7819D17A8600B5FD2B /* 4_of_hearts.png */,
				897F5F7919D17A8600B5FD2B /* 4_of_spades.png */,
				897F5F7A19D17A8600B5FD2B /* 5_of_clubs.png */,
				897F5F7B19D17A8600B5FD2B /* 5_of_diamonds.png */,
				897F5F7C19D17A8600B5FD2B /* 5_of_hearts.png */,
				897F5F7D19D17A8600B5FD2B /* 5_of_spades.png */,
				897F5F7E19D17A8600B5FD2B /* 6_of_clubs.png */,
				897F5F7F19D17A8600B5FD2B /* 6_of_diamonds.png */,
				897F5F8019D17A8600B5FD2B /* 6_of_hearts.png */,
				897F5F8119D17A8600B5FD2B /* 6_of_spades.png */,
				897F5F8219D17A8600B5FD2B /* 7_of_clubs.png */,
				897F5F8319D17A8600B5FD2B /* 7_of_diamonds.png */,
				897F5F8419D17A8600B5FD2B /* 7_of_hearts.png */,
				897F5F8519D17A8600B5FD2B /* 7_of_spades.png */,
				897F5F8619D17A8600B5FD2B /* 8_of_clubs.png */,
				897F5F8719D17A8600B5FD2B /* 8_of_diamonds.png */,
				897F5F8819D17A8600B5FD2B /* 8_of_hearts.png */,
				897F5F8919D17A8600B5FD2B /* 8_of_spades.png */,
				897F5F8A19D17A8600B5FD2B /* 9_of_clubs.png */,
				897F5F8B19D17A8600B5FD2B /* 9_of_diamonds.png */,
				897F5F8C19D17A8600B5FD2B /* 9_of_hearts.png */,
				897F5F8D19D17A8600B5FD2B /* 9_of_spades.png */,
				897F5F8E19D17A8600B5FD2B /* ace_of_clubs.png */,
				897F5F8F19D17A8600B5FD2B /* ace_of_diamonds.png */,
				897F5F9019D17A8600B5FD2B /* ace_of_hearts.png */,
				897F5F9119D17A8600B5FD2B /* ace_of_spades.png */,
				897F5F9219D17A8600B5FD2B /* back.png */,
				897F5F9319D17A8600B5FD2B /* back@2x.png */,
				897F5F9419D17A8600B5FD2B /* black_joker.png */,
				897F5F9519D17A8600B5FD2B /* jack_of_clubs.png */,
				897F5F9619D17A8600B5FD2B /* jack_of_diamonds.png */,
				897F5F9719D17A8600B5FD2B /* jack_of_hearts.png */,
				897F5F9819D17A8600B5FD2B /* jack_of_spades.png */,
				897F5F9919D17A8600B5FD2B /* king_of_clubs.png */,
				897F5F9A19D17A8600B5FD2B /* king_of_diamonds.png */,
				897F5F9B19D17A8600B5FD2B /* king_of_hearts.png */,
				897F5F9C19D17A8600B5FD2B /* king_of_spades.png */,
				897F5F9D19D17A8600B5FD2B /* queen_of_clubs.png */,
				897F5F9E19D17A8600B5FD2B /* queen_of_diamonds.png */,
				897F5F9F19D17A8600B5FD2B /* queen_of_hearts.png */,
				897F5FA019D17A8600B5FD2B /* queen_of_spades.png */,
				897F5FA119D17A8600B5FD2B /* red_joker.png */,
			);
			name = cards;
			path = png;
			sourceTree = "<group>";
		};
		89A0797719CD120F0058A3F0 = {
			isa = PBXGroup;
			children = (
				89A0798219CD120F0058A3F0 /* MatchPairs */,
				89A0799819CD120F0058A3F0 /* MatchPairsTests */,
				89A0798119CD120F0058A3F0 /* Products */,
			);
			sourceTree = "<group>";
		};
		89A0798119CD120F0058A3F0 /* Products */ = {
			isa = PBXGroup;
			children = (
				89A0798019CD120F0058A3F0 /* MatchPairs.app */,
				89A0799519CD120F0058A3F0 /* MatchPairsTests.xctest */,
			);
			name = Products;
			sourceTree = "<group>";
		};
		89A0798219CD120F0058A3F0 /* MatchPairs */ = {
			isa = PBXGroup;
			children = (
				897F601219D17B0400B5FD2B /* Card.swift */,
				89A0798519CD120F0058A3F0 /* AppDelegate.swift */,
				89A0798719CD120F0058A3F0 /* ViewController.swift */,
				89A0798919CD120F0058A3F0 /* Main.storyboard */,
				89A0798C19CD120F0058A3F0 /* Images.xcassets */,
				89A0798319CD120F0058A3F0 /* Supporting Files */,
				89697A7F19CD5D98003D3031 /* CardView.swift */,
				897F5EF219D10D5D00B5FD2B /* GameLayout.swift */,
			);
			path = MatchPairs;
			sourceTree = "<group>";
		};
		89A0798319CD120F0058A3F0 /* Supporting Files */ = {
			isa = PBXGroup;
			children = (
				897F5F6919D17A8600B5FD2B /* cards */,
				89A0798419CD120F0058A3F0 /* Info.plist */,
			);
			name = "Supporting Files";
			sourceTree = "<group>";
		};
		89A0799819CD120F0058A3F0 /* MatchPairsTests */ = {
			isa = PBXGroup;
			children = (
				89A079A819CD13E10058A3F0 /* spec */,
				89A0799919CD120F0058A3F0 /* Supporting Files */,
			);
			path = MatchPairsTests;
			sourceTree = "<group>";
		};
		89A0799919CD120F0058A3F0 /* Supporting Files */ = {
			isa = PBXGroup;
			children = (
				89A0799A19CD120F0058A3F0 /* Info.plist */,
			);
			name = "Supporting Files";
			sourceTree = "<group>";
		};
		89A079A819CD13E10058A3F0 /* spec */ = {
			isa = PBXGroup;
			children = (
				89A079A919CD13E10058A3F0 /* SpecTests.swift */,
			);
			path = spec;
			sourceTree = "<group>";
		};
/* End PBXGroup section */

/* Begin PBXNativeTarget section */
		89A0797F19CD120F0058A3F0 /* MatchPairs */ = {
			isa = PBXNativeTarget;
			buildConfigurationList = 89A0799F19CD120F0058A3F0 /* Build configuration list for PBXNativeTarget "MatchPairs" */;
			buildPhases = (
				89A0797C19CD120F0058A3F0 /* Sources */,
				89A0797D19CD120F0058A3F0 /* Frameworks */,
				89A0797E19CD120F0058A3F0 /* Resources */,
			);
			buildRules = (
			);
			dependencies = (
			);
			name = MatchPairs;
			productName = MatchPairs;
			productReference = 89A0798019CD120F0058A3F0 /* MatchPairs.app */;
			productType = "com.apple.product-type.application";
		};
		89A0799419CD120F0058A3F0 /* MatchPairsTests */ = {
			isa = PBXNativeTarget;
			buildConfigurationList = 89A079A219CD120F0058A3F0 /* Build configuration list for PBXNativeTarget "MatchPairsTests" */;
			buildPhases = (
				89A0799119CD120F0058A3F0 /* Sources */,
				89A0799219CD120F0058A3F0 /* Frameworks */,
				89A0799319CD120F0058A3F0 /* Resources */,
			);
			buildRules = (
			);
			dependencies = (
				89A0799719CD120F0058A3F0 /* PBXTargetDependency */,
			);
			name = MatchPairsTests;
			productName = MatchPairsTests;
			productReference = 89A0799519CD120F0058A3F0 /* MatchPairsTests.xctest */;
			productType = "com.apple.product-type.bundle.unit-test";
		};
/* End PBXNativeTarget section */

/* Begin PBXProject section */
		89A0797819CD120F0058A3F0 /* Project object */ = {
			isa = PBXProject;
			attributes = {
				LastUpgradeCheck = 0610;
				ORGANIZATIONNAME = "Howard Yeh";
				TargetAttributes = {
					89A0797F19CD120F0058A3F0 = {
						CreatedOnToolsVersion = 6.1;
					};
					89A0799419CD120F0058A3F0 = {
						CreatedOnToolsVersion = 6.1;
						TestTargetID = 89A0797F19CD120F0058A3F0;
					};
				};
			};
			buildConfigurationList = 89A0797B19CD120F0058A3F0 /* Build configuration list for PBXProject "MatchPairs" */;
			compatibilityVersion = "Xcode 3.2";
			developmentRegion = English;
			hasScannedForEncodings = 0;
			knownRegions = (
				en,
				Base,
			);
			mainGroup = 89A0797719CD120F0058A3F0;
			productRefGroup = 89A0798119CD120F0058A3F0 /* Products */;
			projectDirPath = "";
			projectRoot = "";
			targets = (
				89A0797F19CD120F0058A3F0 /* MatchPairs */,
				89A0799419CD120F0058A3F0 /* MatchPairsTests */,
			);
		};
/* End PBXProject section */

/* Begin PBXResourcesBuildPhase section */
		89A0797E19CD120F0058A3F0 /* Resources */ = {
			isa = PBXResourcesBuildPhase;
			buildActionMask = 2147483647;
			files = (
				897F5FBA19D17A8600B5FD2B /* 4_of_clubs.png in Resources */,
				897F600619D17A8600B5FD2B /* king_of_spades.png in Resources */,
				897F5FE619D17A8600B5FD2B /* 9_of_hearts.png in Resources */,
				897F5FAC19D17A8600B5FD2B /* 2_of_diamonds.png in Resources */,
				897F5FAE19D17A8600B5FD2B /* 2_of_hearts.png in Resources */,
				897F5FA419D17A8600B5FD2B /* 10_of_diamonds.png in Resources */,
				897F5FD819D17A8600B5FD2B /* 7_of_spades.png in Resources */,
				897F5FB019D17A8600B5FD2B /* 2_of_spades.png in Resources */,
				897F600219D17A8600B5FD2B /* king_of_diamonds.png in Resources */,
				897F601019D17A8600B5FD2B /* red_joker.png in Resources */,
				89A0798B19CD120F0058A3F0 /* Main.storyboard in Resources */,
				897F5FC819D17A8600B5FD2B /* 5_of_spades.png in Resources */,
				897F5FB419D17A8600B5FD2B /* 3_of_diamonds.png in Resources */,
				897F5FEE19D17A8600B5FD2B /* ace_of_hearts.png in Resources */,
				897F5FA619D17A8600B5FD2B /* 10_of_hearts.png in Resources */,
				897F5FCA19D17A8600B5FD2B /* 6_of_clubs.png in Resources */,
				897F5FF219D17A8600B5FD2B /* back.png in Resources */,
				897F5FA819D17A8600B5FD2B /* 10_of_spades.png in Resources */,
				897F600019D17A8600B5FD2B /* king_of_clubs.png in Resources */,
				897F5FB619D17A8600B5FD2B /* 3_of_hearts.png in Resources */,
				897F5FD619D17A8600B5FD2B /* 7_of_hearts.png in Resources */,
				897F5FBE19D17A8600B5FD2B /* 4_of_hearts.png in Resources */,
				897F5FC219D17A8600B5FD2B /* 5_of_clubs.png in Resources */,
				897F5FF819D17A8600B5FD2B /* jack_of_clubs.png in Resources */,
				897F5FEC19D17A8600B5FD2B /* ace_of_diamonds.png in Resources */,
				897F5FCE19D17A8600B5FD2B /* 6_of_hearts.png in Resources */,
				897F5FE819D17A8600B5FD2B /* 9_of_spades.png in Resources */,
				897F5FBC19D17A8600B5FD2B /* 4_of_diamonds.png in Resources */,
				897F5FFC19D17A8600B5FD2B /* jack_of_hearts.png in Resources */,
				897F600A19D17A8600B5FD2B /* queen_of_diamonds.png in Resources */,
				89A0798D19CD120F0058A3F0 /* Images.xcassets in Resources */,
				897F5FE019D17A8600B5FD2B /* 8_of_spades.png in Resources */,
				897F5FB819D17A8600B5FD2B /* 3_of_spades.png in Resources */,
				897F5FC419D17A8600B5FD2B /* 5_of_diamonds.png in Resources */,
				897F5FF019D17A8600B5FD2B /* ace_of_spades.png in Resources */,
				897F600419D17A8600B5FD2B /* king_of_hearts.png in Resources */,
				897F5FAA19D17A8600B5FD2B /* 2_of_clubs.png in Resources */,
				897F5FFE19D17A8600B5FD2B /* jack_of_spades.png in Resources */,
				897F5FE419D17A8600B5FD2B /* 9_of_diamonds.png in Resources */,
				897F5FD219D17A8600B5FD2B /* 7_of_clubs.png in Resources */,
				897F5FC019D17A8600B5FD2B /* 4_of_spades.png in Resources */,
				897F5FFA19D17A8600B5FD2B /* jack_of_diamonds.png in Resources */,
				897F5FCC19D17A8600B5FD2B /* 6_of_diamonds.png in Resources */,
				897F600819D17A8600B5FD2B /* queen_of_clubs.png in Resources */,
				897F5FF419D17A8600B5FD2B /* back@2x.png in Resources */,
				897F5FB219D17A8600B5FD2B /* 3_of_clubs.png in Resources */,
				897F5FF619D17A8600B5FD2B /* black_joker.png in Resources */,
				897F600C19D17A8600B5FD2B /* queen_of_hearts.png in Resources */,
				897F5FC619D17A8600B5FD2B /* 5_of_hearts.png in Resources */,
				897F5FD419D17A8600B5FD2B /* 7_of_diamonds.png in Resources */,
				897F5FE219D17A8600B5FD2B /* 9_of_clubs.png in Resources */,
				897F5FA219D17A8600B5FD2B /* 10_of_clubs.png in Resources */,
				897F5FDA19D17A8600B5FD2B /* 8_of_clubs.png in Resources */,
				897F5FDC19D17A8600B5FD2B /* 8_of_diamonds.png in Resources */,
				897F600E19D17A8600B5FD2B /* queen_of_spades.png in Resources */,
				897F5FD019D17A8600B5FD2B /* 6_of_spades.png in Resources */,
				897F5FEA19D17A8600B5FD2B /* ace_of_clubs.png in Resources */,
				897F5FDE19D17A8600B5FD2B /* 8_of_hearts.png in Resources */,
			);
			runOnlyForDeploymentPostprocessing = 0;
		};
		89A0799319CD120F0058A3F0 /* Resources */ = {
			isa = PBXResourcesBuildPhase;
			buildActionMask = 2147483647;
			files = (
				897F5FBF19D17A8600B5FD2B /* 4_of_hearts.png in Resources */,
				897F601119D17A8600B5FD2B /* red_joker.png in Resources */,
				89A079AC19CD19880058A3F0 /* Main.storyboard in Resources */,
				897F5FF119D17A8600B5FD2B /* ace_of_spades.png in Resources */,
				897F5FEB19D17A8600B5FD2B /* ace_of_clubs.png in Resources */,
				897F5FB919D17A8600B5FD2B /* 3_of_spades.png in Resources */,
				897F5FCD19D17A8600B5FD2B /* 6_of_diamonds.png in Resources */,
				897F600B19D17A8600B5FD2B /* queen_of_diamonds.png in Resources */,
				897F5FD319D17A8600B5FD2B /* 7_of_clubs.png in Resources */,
				897F5FD119D17A8600B5FD2B /* 6_of_spades.png in Resources */,
				897F5FEF19D17A8600B5FD2B /* ace_of_hearts.png in Resources */,
				897F5FAB19D17A8600B5FD2B /* 2_of_clubs.png in Resources */,
				897F600519D17A8600B5FD2B /* king_of_hearts.png in Resources */,
				897F5FE919D17A8600B5FD2B /* 9_of_spades.png in Resources */,
				897F5FD719D17A8600B5FD2B /* 7_of_hearts.png in Resources */,
				897F5FC519D17A8600B5FD2B /* 5_of_diamonds.png in Resources */,
				897F5FF719D17A8600B5FD2B /* black_joker.png in Resources */,
				897F5FBD19D17A8600B5FD2B /* 4_of_diamonds.png in Resources */,
				897F5FD519D17A8600B5FD2B /* 7_of_diamonds.png in Resources */,
				897F600319D17A8600B5FD2B /* king_of_diamonds.png in Resources */,
				897F5FBB19D17A8600B5FD2B /* 4_of_clubs.png in Resources */,
				897F5FFF19D17A8600B5FD2B /* jack_of_spades.png in Resources */,
				897F5FA519D17A8600B5FD2B /* 10_of_diamonds.png in Resources */,
				897F5FA719D17A8600B5FD2B /* 10_of_hearts.png in Resources */,
				897F600F19D17A8600B5FD2B /* queen_of_spades.png in Resources */,
				897F5FD919D17A8600B5FD2B /* 7_of_spades.png in Resources */,
				897F5FCF19D17A8600B5FD2B /* 6_of_hearts.png in Resources */,
				897F5FC719D17A8600B5FD2B /* 5_of_hearts.png in Resources */,
				897F5FE719D17A8600B5FD2B /* 9_of_hearts.png in Resources */,
				897F5FC119D17A8600B5FD2B /* 4_of_spades.png in Resources */,
				897F5FAD19D17A8600B5FD2B /* 2_of_diamonds.png in Resources */,
				897F600919D17A8600B5FD2B /* queen_of_clubs.png in Resources */,
				897F5FA319D17A8600B5FD2B /* 10_of_clubs.png in Resources */,
				897F600719D17A8600B5FD2B /* king_of_spades.png in Resources */,
				897F5FFD19D17A8600B5FD2B /* jack_of_hearts.png in Resources */,
				897F5FE319D17A8600B5FD2B /* 9_of_clubs.png in Resources */,
				897F5FDF19D17A8600B5FD2B /* 8_of_hearts.png in Resources */,
				897F5FCB19D17A8600B5FD2B /* 6_of_clubs.png in Resources */,
				897F600119D17A8600B5FD2B /* king_of_clubs.png in Resources */,
				897F5FE519D17A8600B5FD2B /* 9_of_diamonds.png in Resources */,
				897F5FB319D17A8600B5FD2B /* 3_of_clubs.png in Resources */,
				897F5FF919D17A8600B5FD2B /* jack_of_clubs.png in Resources */,
				897F5FED19D17A8600B5FD2B /* ace_of_diamonds.png in Resources */,
				897F5FC319D17A8600B5FD2B /* 5_of_clubs.png in Resources */,
				897F5FFB19D17A8600B5FD2B /* jack_of_diamonds.png in Resources */,
				897F5FF519D17A8600B5FD2B /* back@2x.png in Resources */,
				897F5FF319D17A8600B5FD2B /* back.png in Resources */,
				897F5FB719D17A8600B5FD2B /* 3_of_hearts.png in Resources */,
				897F5FDD19D17A8600B5FD2B /* 8_of_diamonds.png in Resources */,
				897F5FB119D17A8600B5FD2B /* 2_of_spades.png in Resources */,
				897F5FAF19D17A8600B5FD2B /* 2_of_hearts.png in Resources */,
				897F5FB519D17A8600B5FD2B /* 3_of_diamonds.png in Resources */,
				897F5FC919D17A8600B5FD2B /* 5_of_spades.png in Resources */,
				897F5FA919D17A8600B5FD2B /* 10_of_spades.png in Resources */,
				897F5FE119D17A8600B5FD2B /* 8_of_spades.png in Resources */,
				897F600D19D17A8600B5FD2B /* queen_of_hearts.png in Resources */,
				897F5FDB19D17A8600B5FD2B /* 8_of_clubs.png in Resources */,
			);
			runOnlyForDeploymentPostprocessing = 0;
		};
/* End PBXResourcesBuildPhase section */

/* Begin PBXSourcesBuildPhase section */
		89A0797C19CD120F0058A3F0 /* Sources */ = {
			isa = PBXSourcesBuildPhase;
			buildActionMask = 2147483647;
			files = (
				89A0798819CD120F0058A3F0 /* ViewController.swift in Sources */,
				89A0798619CD120F0058A3F0 /* AppDelegate.swift in Sources */,
				897F601319D17B0400B5FD2B /* Card.swift in Sources */,
				89697A8019CD5D98003D3031 /* CardView.swift in Sources */,
				897F5EF319D10D5D00B5FD2B /* GameLayout.swift in Sources */,
			);
			runOnlyForDeploymentPostprocessing = 0;
		};
		89A0799119CD120F0058A3F0 /* Sources */ = {
			isa = PBXSourcesBuildPhase;
			buildActionMask = 2147483647;
			files = (
				89A079AB19CD193B0058A3F0 /* ViewController.swift in Sources */,
				89A079AA19CD13E10058A3F0 /* SpecTests.swift in Sources */,
				897F601419D17B0400B5FD2B /* Card.swift in Sources */,
				89697A8119CD5DB4003D3031 /* CardView.swift in Sources */,
				897F5EF419D10D9200B5FD2B /* GameLayout.swift in Sources */,
			);
			runOnlyForDeploymentPostprocessing = 0;
		};
/* End PBXSourcesBuildPhase section */

/* Begin PBXTargetDependency section */
		89A0799719CD120F0058A3F0 /* PBXTargetDependency */ = {
			isa = PBXTargetDependency;
			target = 89A0797F19CD120F0058A3F0 /* MatchPairs */;
			targetProxy = 89A0799619CD120F0058A3F0 /* PBXContainerItemProxy */;
		};
/* End PBXTargetDependency section */

/* Begin PBXVariantGroup section */
		89A0798919CD120F0058A3F0 /* Main.storyboard */ = {
			isa = PBXVariantGroup;
			children = (
				89A0798A19CD120F0058A3F0 /* Base */,
			);
			name = Main.storyboard;
			sourceTree = "<group>";
		};
/* End PBXVariantGroup section */

/* Begin XCBuildConfiguration section */
		89A0799D19CD120F0058A3F0 /* Debug */ = {
			isa = XCBuildConfiguration;
			buildSettings = {
				ALWAYS_SEARCH_USER_PATHS = NO;
				CLANG_CXX_LANGUAGE_STANDARD = "gnu++0x";
				CLANG_CXX_LIBRARY = "libc++";
				CLANG_ENABLE_MODULES = YES;
				CLANG_ENABLE_OBJC_ARC = YES;
				CLANG_WARN_BOOL_CONVERSION = YES;
				CLANG_WARN_CONSTANT_CONVERSION = YES;
				CLANG_WARN_DIRECT_OBJC_ISA_USAGE = YES_ERROR;
				CLANG_WARN_EMPTY_BODY = YES;
				CLANG_WARN_ENUM_CONVERSION = YES;
				CLANG_WARN_INT_CONVERSION = YES;
				CLANG_WARN_OBJC_ROOT_CLASS = YES_ERROR;
				CLANG_WARN_UNREACHABLE_CODE = YES;
				CLANG_WARN__DUPLICATE_METHOD_MATCH = YES;
				"CODE_SIGN_IDENTITY[sdk=iphoneos*]" = "iPhone Developer";
				COPY_PHASE_STRIP = NO;
				ENABLE_STRICT_OBJC_MSGSEND = YES;
				GCC_C_LANGUAGE_STANDARD = gnu99;
				GCC_DYNAMIC_NO_PIC = NO;
				GCC_OPTIMIZATION_LEVEL = 0;
				GCC_PREPROCESSOR_DEFINITIONS = (
					"DEBUG=1",
					"$(inherited)",
				);
				GCC_SYMBOLS_PRIVATE_EXTERN = NO;
				GCC_WARN_64_TO_32_BIT_CONVERSION = YES;
				GCC_WARN_ABOUT_RETURN_TYPE = YES_ERROR;
				GCC_WARN_UNDECLARED_SELECTOR = YES;
				GCC_WARN_UNINITIALIZED_AUTOS = YES_AGGRESSIVE;
				GCC_WARN_UNUSED_FUNCTION = YES;
				GCC_WARN_UNUSED_VARIABLE = YES;
				IPHONEOS_DEPLOYMENT_TARGET = 8.0;
				MTL_ENABLE_DEBUG_INFO = YES;
				ONLY_ACTIVE_ARCH = YES;
				SDKROOT = iphoneos;
				SWIFT_OPTIMIZATION_LEVEL = "-Onone";
			};
			name = Debug;
		};
		89A0799E19CD120F0058A3F0 /* Release */ = {
			isa = XCBuildConfiguration;
			buildSettings = {
				ALWAYS_SEARCH_USER_PATHS = NO;
				CLANG_CXX_LANGUAGE_STANDARD = "gnu++0x";
				CLANG_CXX_LIBRARY = "libc++";
				CLANG_ENABLE_MODULES = YES;
				CLANG_ENABLE_OBJC_ARC = YES;
				CLANG_WARN_BOOL_CONVERSION = YES;
				CLANG_WARN_CONSTANT_CONVERSION = YES;
				CLANG_WARN_DIRECT_OBJC_ISA_USAGE = YES_ERROR;
				CLANG_WARN_EMPTY_BODY = YES;
				CLANG_WARN_ENUM_CONVERSION = YES;
				CLANG_WARN_INT_CONVERSION = YES;
				CLANG_WARN_OBJC_ROOT_CLASS = YES_ERROR;
				CLANG_WARN_UNREACHABLE_CODE = YES;
				CLANG_WARN__DUPLICATE_METHOD_MATCH = YES;
				"CODE_SIGN_IDENTITY[sdk=iphoneos*]" = "iPhone Developer";
				COPY_PHASE_STRIP = YES;
				ENABLE_NS_ASSERTIONS = NO;
				ENABLE_STRICT_OBJC_MSGSEND = YES;
				GCC_C_LANGUAGE_STANDARD = gnu99;
				GCC_WARN_64_TO_32_BIT_CONVERSION = YES;
				GCC_WARN_ABOUT_RETURN_TYPE = YES_ERROR;
				GCC_WARN_UNDECLARED_SELECTOR = YES;
				GCC_WARN_UNINITIALIZED_AUTOS = YES_AGGRESSIVE;
				GCC_WARN_UNUSED_FUNCTION = YES;
				GCC_WARN_UNUSED_VARIABLE = YES;
				IPHONEOS_DEPLOYMENT_TARGET = 8.0;
				MTL_ENABLE_DEBUG_INFO = NO;
				SDKROOT = iphoneos;
				VALIDATE_PRODUCT = YES;
			};
			name = Release;
		};
		89A079A019CD120F0058A3F0 /* Debug */ = {
			isa = XCBuildConfiguration;
			buildSettings = {
				ASSETCATALOG_COMPILER_APPICON_NAME = AppIcon;
				INFOPLIST_FILE = MatchPairs/Info.plist;
				LD_RUNPATH_SEARCH_PATHS = "$(inherited) @executable_path/Frameworks";
				PRODUCT_NAME = "$(TARGET_NAME)";
			};
			name = Debug;
		};
		89A079A119CD120F0058A3F0 /* Release */ = {
			isa = XCBuildConfiguration;
			buildSettings = {
				ASSETCATALOG_COMPILER_APPICON_NAME = AppIcon;
				INFOPLIST_FILE = MatchPairs/Info.plist;
				LD_RUNPATH_SEARCH_PATHS = "$(inherited) @executable_path/Frameworks";
				PRODUCT_NAME = "$(TARGET_NAME)";
			};
			name = Release;
		};
		89A079A319CD120F0058A3F0 /* Debug */ = {
			isa = XCBuildConfiguration;
			buildSettings = {
				BUNDLE_LOADER = "$(TEST_HOST)";
				FRAMEWORK_SEARCH_PATHS = (
					"$(SDKROOT)/Developer/Library/Frameworks",
					"$(inherited)",
				);
				GCC_PREPROCESSOR_DEFINITIONS = (
					"DEBUG=1",
					"$(inherited)",
				);
				INFOPLIST_FILE = MatchPairsTests/Info.plist;
				LD_RUNPATH_SEARCH_PATHS = "$(inherited) @executable_path/Frameworks @loader_path/Frameworks";
				PRODUCT_NAME = "$(TARGET_NAME)";
				TEST_HOST = "$(BUILT_PRODUCTS_DIR)/MatchPairs.app/MatchPairs";
			};
			name = Debug;
		};
		89A079A419CD120F0058A3F0 /* Release */ = {
			isa = XCBuildConfiguration;
			buildSettings = {
				BUNDLE_LOADER = "$(TEST_HOST)";
				FRAMEWORK_SEARCH_PATHS = (
					"$(SDKROOT)/Developer/Library/Frameworks",
					"$(inherited)",
				);
				INFOPLIST_FILE = MatchPairsTests/Info.plist;
				LD_RUNPATH_SEARCH_PATHS = "$(inherited) @executable_path/Frameworks @loader_path/Frameworks";
				PRODUCT_NAME = "$(TARGET_NAME)";
				TEST_HOST = "$(BUILT_PRODUCTS_DIR)/MatchPairs.app/MatchPairs";
			};
			name = Release;
		};
/* End XCBuildConfiguration section */

/* Begin XCConfigurationList section */
		89A0797B19CD120F0058A3F0 /* Build configuration list for PBXProject "MatchPairs" */ = {
			isa = XCConfigurationList;
			buildConfigurations = (
				89A0799D19CD120F0058A3F0 /* Debug */,
				89A0799E19CD120F0058A3F0 /* Release */,
			);
			defaultConfigurationIsVisible = 0;
			defaultConfigurationName = Release;
		};
		89A0799F19CD120F0058A3F0 /* Build configuration list for PBXNativeTarget "MatchPairs" */ = {
			isa = XCConfigurationList;
			buildConfigurations = (
				89A079A019CD120F0058A3F0 /* Debug */,
				89A079A119CD120F0058A3F0 /* Release */,
			);
			defaultConfigurationIsVisible = 0;
			defaultConfigurationName = Release;
		};
		89A079A219CD120F0058A3F0 /* Build configuration list for PBXNativeTarget "MatchPairsTests" */ = {
			isa = XCConfigurationList;
			buildConfigurations = (
				89A079A319CD120F0058A3F0 /* Debug */,
				89A079A419CD120F0058A3F0 /* Release */,
			);
			defaultConfigurationIsVisible = 0;
			defaultConfigurationName = Release;
		};
/* End XCConfigurationList section */
	};
	rootObject = 89A0797819CD120F0058A3F0 /* Project object */;
}
